[root]
name = "type-directed-tdd-rust"
version = "0.1.0"
dependencies = [
 "quickcheck 0.1.1 (git+https://github.com/BurntSushi/quickcheck#c5310f528ab3344f8373344f9b9566b40140f19e)",
 "quickcheck_macros 0.1.1 (git+https://github.com/BurntSushi/quickcheck#c5310f528ab3344f8373344f9b9566b40140f19e)",
]

[[package]]
name = "quickcheck"
version = "0.1.1"
source = "git+https://github.com/BurntSushi/quickcheck#c5310f528ab3344f8373344f9b9566b40140f19e"
dependencies = [
 "quickcheck_macros 0.1.1 (git+https://github.com/BurntSushi/quickcheck#c5310f528ab3344f8373344f9b9566b40140f19e)",
]

[[package]]
name = "quickcheck_macros"
version = "0.1.1"
source = "git+https://github.com/BurntSushi/quickcheck#c5310f528ab3344f8373344f9b9566b40140f19e"

