[root]
name = "type-directed-tdd-rust"
version = "0.1.0"
dependencies = [
 "quickcheck 0.1.5 (git+https://github.com/BurntSushi/quickcheck)",
 "quickcheck_macros 0.1.5 (git+https://github.com/BurntSushi/quickcheck)",
]

[[package]]
name = "quickcheck"
version = "0.1.5"
source = "git+https://github.com/BurntSushi/quickcheck#e96ed7092b9d3b8d12139175b8510fac4a684638"

[[package]]
name = "quickcheck_macros"
version = "0.1.5"
source = "git+https://github.com/BurntSushi/quickcheck#e96ed7092b9d3b8d12139175b8510fac4a684638"
dependencies = [
 "quickcheck 0.1.5 (git+https://github.com/BurntSushi/quickcheck)",
]

